
Microsoft Visual Studio Solution File, Format Version 12.00
# Visual Studio 14
VisualStudioVersion = 14.0.22823.1
MinimumVisualStudioVersion = 10.0.40219.1
Project("{2150E333-8FDC-42A3-9474-1A3956D46DE8}") = "src", "src", "{81187C50-5925-48CD-B863-49441185CF45}"
EndProject
Project("{2150E333-8FDC-42A3-9474-1A3956D46DE8}") = "Solution Items", "Solution Items", "{B6BDEDC4-27D1-40F8-B89C-E51CC98C9E60}"
	ProjectSection(SolutionItems) = preProject
		global.json = global.json
	EndProjectSection
EndProject
Project("{8BB2217D-0F2D-49D1-97BC-3654ED321F3B}") = "Telebot", "src\Telebot\Telebot.xproj", "{75A958F6-7423-4FCA-9FBE-F0162DA5018F}"
EndProject
Global
	GlobalSection(SolutionConfigurationPlatforms) = preSolution
		Debug|Any CPU = Debug|Any CPU
		Release|Any CPU = Release|Any CPU
	EndGlobalSection
	GlobalSection(ProjectConfigurationPlatforms) = postSolution
		{75A958F6-7423-4FCA-9FBE-F0162DA5018F}.Debug|Any CPU.ActiveCfg = Debug|Any CPU
		{75A958F6-7423-4FCA-9FBE-F0162DA5018F}.Debug|Any CPU.Build.0 = Debug|Any CPU
		{75A958F6-7423-4FCA-9FBE-F0162DA5018F}.Release|Any CPU.ActiveCfg = Release|Any CPU
		{75A958F6-7423-4FCA-9FBE-F0162DA5018F}.Release|Any CPU.Build.0 = Release|Any CPU
	EndGlobalSection
	GlobalSection(SolutionProperties) = preSolution
		HideSolutionNode = FALSE
	EndGlobalSection
	GlobalSection(NestedProjects) = preSolution
		{75A958F6-7423-4FCA-9FBE-F0162DA5018F} = {81187C50-5925-48CD-B863-49441185CF45}
	EndGlobalSection
EndGlobal
